<?xml version="1.0" encoding="utf-8"?>
<Project ToolsVersion="4.0" xmlns="http://schemas.microsoft.com/developer/msbuild/2003">
  <ItemGroup>
    <ClCompile Include="cube.cpp" />
    <ClCompile Include="singlemesh.cpp" />
    <ClCompile Include="kadardmy.cpp" />
    <ClCompile Include="triangle.cpp" />
    <ClCompile Include="Barrel.cpp" />
    <ClCompile Include="CharactersDraw.cpp" />
    <ClCompile Include="Space.cpp" />
    <ClCompile Include="perlin.cpp" />
    <ClCompile Include="ComplexMesh.cpp" />
  </ItemGroup>
  <ItemGroup>
    <ClInclude Include="cube.h" />
    <ClInclude Include="object.h" />
    <ClInclude Include="singlemesh.h" />
    <ClInclude Include="triangle.h" />
    <ClInclude Include="Barrel.h" />
    <ClInclude Include="CharactersDraw.h" />
    <ClInclude Include="Properties.h" />
    <ClInclude Include="Space.h" />
    <ClInclude Include="SunVert.h" />
    <ClInclude Include="perlin.h" />
    <ClInclude Include="ComplexMesh.h" />
  </ItemGroup>
  <ItemGroup>
    <Filter Include="Shaders">
      <UniqueIdentifier>{ae6791bf-468a-4ec1-8ee9-3e910af1fa0f}</UniqueIdentifier>
    </Filter>
  </ItemGroup>
  <ItemGroup>
    <None Include="bannerBlood.vert">
      <Filter>Shaders</Filter>
    </None>
    <None Include="bannerBlood.frag">
      <Filter>Shaders</Filter>
    </None>
    <None Include="cube.frag">
      <Filter>Shaders</Filter>
    </None>
    <None Include="cube.vert">
      <Filter>Shaders</Filter>
    </None>
    <None Include="default.frag">
      <Filter>Shaders</Filter>
    </None>
    <None Include="default.vert">
      <Filter>Shaders</Filter>
    </None>
    <None Include="skyboxShader.vert">
      <Filter>Shaders</Filter>
    </None>
    <None Include="skyboxShader.frag">
      <Filter>Shaders</Filter>
    </None>
    <None Include="perPixel.vert">
      <Filter>Shaders</Filter>
    </None>
    <None Include="perPixel.frag">
      <Filter>Shaders</Filter>
    </None>
    <None Include="packages.config" />
    <None Include="text.vert">
      <Filter>Shaders</Filter>
    </None>
    <None Include="text.frag">
      <Filter>Shaders</Filter>
    </None>
    <None Include="animation.frag">
      <Filter>Shaders</Filter>
    </None>
    <None Include="animation.vert">
      <Filter>Shaders</Filter>
    </None>
    <None Include="banner.vert">
      <Filter>Shaders</Filter>
    </None>
    <None Include="banner.frag">
      <Filter>Shaders</Filter>
    </None>
  </ItemGroup>
</Project>